
Microsoft Visual Studio Solution File, Format Version 12.00
# Visual Studio Version 16
VisualStudioVersion = 16.0.34601.136
MinimumVisualStudioVersion = 10.0.40219.1
Project("{00D1A9C2-B5F0-4AF3-8072-F6C62B433612}") = "DBP332004_BBOX_Prod", "DBP332004_BBOX_Prod\DBP332004_BBOX_Prod.sqlproj", "{69D98444-62F8-49FA-9ACE-B494650DDDAD}"
EndProject
Global
	GlobalSection(SolutionConfigurationPlatforms) = preSolution
		Debug|Any CPU = Debug|Any CPU
		Release|Any CPU = Release|Any CPU
	EndGlobalSection
	GlobalSection(ProjectConfigurationPlatforms) = postSolution
		{69D98444-62F8-49FA-9ACE-B494650DDDAD}.Debug|Any CPU.ActiveCfg = Debug|Any CPU
		{69D98444-62F8-49FA-9ACE-B494650DDDAD}.Debug|Any CPU.Build.0 = Debug|Any CPU
		{69D98444-62F8-49FA-9ACE-B494650DDDAD}.Debug|Any CPU.Deploy.0 = Debug|Any CPU
		{69D98444-62F8-49FA-9ACE-B494650DDDAD}.Release|Any CPU.ActiveCfg = Release|Any CPU
		{69D98444-62F8-49FA-9ACE-B494650DDDAD}.Release|Any CPU.Build.0 = Release|Any CPU
		{69D98444-62F8-49FA-9ACE-B494650DDDAD}.Release|Any CPU.Deploy.0 = Release|Any CPU
	EndGlobalSection
	GlobalSection(SolutionProperties) = preSolution
		HideSolutionNode = FALSE
	EndGlobalSection
	GlobalSection(ExtensibilityGlobals) = postSolution
		SolutionGuid = {9929C37F-D836-4F14-8B23-E9D557C71EBC}
	EndGlobalSection
EndGlobal
